
Microsoft Visual Studio Solution File, Format Version 12.00
# Visual Studio Version 17
VisualStudioVersion = 17.0.31912.275
MinimumVisualStudioVersion = 10.0.40219.1
Project("{FAE04EC0-301F-11D3-BF4B-00C04F79EFBC}") = "generátor hesel", "generátor hesel\generátor hesel.csproj", "{5C01FF3B-8231-4B9D-AB7D-53BDBA85A169}"
EndProject
Global
	GlobalSection(SolutionConfigurationPlatforms) = preSolution
		Debug|Any CPU = Debug|Any CPU
		Release|Any CPU = Release|Any CPU
	EndGlobalSection
	GlobalSection(ProjectConfigurationPlatforms) = postSolution
		{5C01FF3B-8231-4B9D-AB7D-53BDBA85A169}.Debug|Any CPU.ActiveCfg = Debug|Any CPU
		{5C01FF3B-8231-4B9D-AB7D-53BDBA85A169}.Debug|Any CPU.Build.0 = Debug|Any CPU
		{5C01FF3B-8231-4B9D-AB7D-53BDBA85A169}.Release|Any CPU.ActiveCfg = Release|Any CPU
		{5C01FF3B-8231-4B9D-AB7D-53BDBA85A169}.Release|Any CPU.Build.0 = Release|Any CPU
	EndGlobalSection
	GlobalSection(SolutionProperties) = preSolution
		HideSolutionNode = FALSE
	EndGlobalSection
	GlobalSection(ExtensibilityGlobals) = postSolution
		SolutionGuid = {8AEBB575-D4A1-45C7-8F9A-E21CFECE9FEB}
	EndGlobalSection
EndGlobal
